
Microsoft Visual Studio Solution File, Format Version 11.00
# Visual Studio 2010
Project("{FAE04EC0-301F-11D3-BF4B-00C04F79EFBC}") = "PNHibernate", "PNHibernate\PNHibernate.csproj", "{C5937F37-ED56-4392-ACB5-D1A596CCFB6C}"
EndProject
Global
	GlobalSection(SolutionConfigurationPlatforms) = preSolution
		Debug|x86 = Debug|x86
		Release|x86 = Release|x86
	EndGlobalSection
	GlobalSection(ProjectConfigurationPlatforms) = postSolution
		{C5937F37-ED56-4392-ACB5-D1A596CCFB6C}.Debug|x86.ActiveCfg = Debug|x86
		{C5937F37-ED56-4392-ACB5-D1A596CCFB6C}.Debug|x86.Build.0 = Debug|x86
		{C5937F37-ED56-4392-ACB5-D1A596CCFB6C}.Release|x86.ActiveCfg = Release|x86
		{C5937F37-ED56-4392-ACB5-D1A596CCFB6C}.Release|x86.Build.0 = Release|x86
	EndGlobalSection
	GlobalSection(MonoDevelopProperties) = preSolution
		StartupItem = PNHibernate\PNHibernate.csproj
	EndGlobalSection
EndGlobal
